
Microsoft Visual Studio Solution File, Format Version 12.00
# Visual Studio Version 17
VisualStudioVersion = 17.4.33403.182
MinimumVisualStudioVersion = 10.0.40219.1
Project("{9A19103F-16F7-4668-BE54-9A1E7A4F7556}") = "BookManagementSystem", "BookManagementSystem.csproj", "{B24C606F-9816-43D7-B192-39320A1976C1}"
EndProject
Project("{FAE04EC0-301F-11D3-BF4B-00C04F79EFBC}") = "BookManagementSystemTest", "..\BookManagementSystemTest\BookManagementSystemTest.csproj", "{78128F1D-9941-4374-AD19-47A3B3E79884}"
EndProject
Global
	GlobalSection(SolutionConfigurationPlatforms) = preSolution
		Debug|Any CPU = Debug|Any CPU
		Release|Any CPU = Release|Any CPU
	EndGlobalSection
	GlobalSection(ProjectConfigurationPlatforms) = postSolution
		{B24C606F-9816-43D7-B192-39320A1976C1}.Debug|Any CPU.ActiveCfg = Debug|Any CPU
		{B24C606F-9816-43D7-B192-39320A1976C1}.Debug|Any CPU.Build.0 = Debug|Any CPU
		{B24C606F-9816-43D7-B192-39320A1976C1}.Release|Any CPU.ActiveCfg = Release|Any CPU
		{B24C606F-9816-43D7-B192-39320A1976C1}.Release|Any CPU.Build.0 = Release|Any CPU
		{78128F1D-9941-4374-AD19-47A3B3E79884}.Debug|Any CPU.ActiveCfg = Debug|Any CPU
		{78128F1D-9941-4374-AD19-47A3B3E79884}.Debug|Any CPU.Build.0 = Debug|Any CPU
		{78128F1D-9941-4374-AD19-47A3B3E79884}.Release|Any CPU.ActiveCfg = Release|Any CPU
		{78128F1D-9941-4374-AD19-47A3B3E79884}.Release|Any CPU.Build.0 = Release|Any CPU
	EndGlobalSection
	GlobalSection(SolutionProperties) = preSolution
		HideSolutionNode = FALSE
	EndGlobalSection
	GlobalSection(ExtensibilityGlobals) = postSolution
		SolutionGuid = {245BF5F3-1458-469D-BCDE-594A358F9AA5}
	EndGlobalSection
EndGlobal
